
Microsoft Visual Studio Solution File, Format Version 12.00
# Visual Studio 14
VisualStudioVersion = 14.0.25123.0
MinimumVisualStudioVersion = 10.0.40219.1
Project("{FAE04EC0-301F-11D3-BF4B-00C04F79EFBC}") = "GF.Orleans", "GF.Orleans\GF.Orleans.csproj", "{FE8E4C40-6ADC-45E8-AEC3-63554C724584}"
EndProject
Project("{FAE04EC0-301F-11D3-BF4B-00C04F79EFBC}") = "GF.Orleans.Storage.MongoDB", "GF.Orleans.Storage.MongoDB\GF.Orleans.Storage.MongoDB.csproj", "{82DDC043-35EB-4D2C-88BB-1566114872AE}"
EndProject
Global
	GlobalSection(SolutionConfigurationPlatforms) = preSolution
		Debug|Any CPU = Debug|Any CPU
		Release|Any CPU = Release|Any CPU
	EndGlobalSection
	GlobalSection(ProjectConfigurationPlatforms) = postSolution
		{FE8E4C40-6ADC-45E8-AEC3-63554C724584}.Debug|Any CPU.ActiveCfg = Debug|Any CPU
		{FE8E4C40-6ADC-45E8-AEC3-63554C724584}.Debug|Any CPU.Build.0 = Debug|Any CPU
		{FE8E4C40-6ADC-45E8-AEC3-63554C724584}.Release|Any CPU.ActiveCfg = Release|Any CPU
		{FE8E4C40-6ADC-45E8-AEC3-63554C724584}.Release|Any CPU.Build.0 = Release|Any CPU
		{82DDC043-35EB-4D2C-88BB-1566114872AE}.Debug|Any CPU.ActiveCfg = Debug|Any CPU
		{82DDC043-35EB-4D2C-88BB-1566114872AE}.Debug|Any CPU.Build.0 = Debug|Any CPU
		{82DDC043-35EB-4D2C-88BB-1566114872AE}.Release|Any CPU.ActiveCfg = Release|Any CPU
		{82DDC043-35EB-4D2C-88BB-1566114872AE}.Release|Any CPU.Build.0 = Release|Any CPU
	EndGlobalSection
	GlobalSection(SolutionProperties) = preSolution
		HideSolutionNode = FALSE
	EndGlobalSection
EndGlobal
